
Microsoft Visual Studio Solution File, Format Version 12.00
# Visual Studio Version 17
VisualStudioVersion = 17.0.31903.59
MinimumVisualStudioVersion = 10.0.40219.1
Project("{2150E333-8FDC-42A3-9474-1A3956D46DE8}") = "src", "src", "{827E0CD3-B72D-47B6-A68D-7590B98EB39B}"
EndProject
Project("{FAE04EC0-301F-11D3-BF4B-00C04F79EFBC}") = "Host.Api", "src\Host.Api\Host.Api.csproj", "{EF58E960-8E16-470F-AD80-68FA6CFCA207}"
EndProject
Project("{2150E333-8FDC-42A3-9474-1A3956D46DE8}") = "BuildingBlocks", "BuildingBlocks", "{90298CBA-BD6F-3A0A-69D5-97CAD7B05E7E}"
EndProject
Project("{FAE04EC0-301F-11D3-BF4B-00C04F79EFBC}") = "SharedKernel", "src\BuildingBlocks\SharedKernel\SharedKernel.csproj", "{29474310-3636-48DC-B27D-0D7938B6ADE8}"
EndProject
Project("{FAE04EC0-301F-11D3-BF4B-00C04F79EFBC}") = "Infrastructure", "src\BuildingBlocks\Infrastructure\Infrastructure.csproj", "{915CF7C1-9DFF-4DB3-8D18-488CFE1857FD}"
EndProject
Project("{2150E333-8FDC-42A3-9474-1A3956D46DE8}") = "Modules", "Modules", "{EC447DCF-ABFA-6E24-52A5-D7FD48A5C558}"
EndProject
Project("{2150E333-8FDC-42A3-9474-1A3956D46DE8}") = "Identity", "Identity", "{0EC62A1A-9858-3A60-8A0C-FC9AACFA2EC7}"
EndProject
Project("{FAE04EC0-301F-11D3-BF4B-00C04F79EFBC}") = "Identity.Domain", "src\Modules\Identity\Identity.Domain\Identity.Domain.csproj", "{FEBCAD93-9160-487A-9853-D8B0465C8D10}"
EndProject
Project("{FAE04EC0-301F-11D3-BF4B-00C04F79EFBC}") = "Identity.Application", "src\Modules\Identity\Identity.Application\Identity.Application.csproj", "{3BE87EA7-4ADF-462C-A746-D0952AF0C23D}"
EndProject
Project("{FAE04EC0-301F-11D3-BF4B-00C04F79EFBC}") = "Identity.Infrastructure", "src\Modules\Identity\Identity.Infrastructure\Identity.Infrastructure.csproj", "{2310F381-0F15-48BE-A42D-FD03D0BBD36D}"
EndProject
Project("{FAE04EC0-301F-11D3-BF4B-00C04F79EFBC}") = "Identity.Presentation", "src\Modules\Identity\Identity.Presentation\Identity.Presentation.csproj", "{329B9620-8377-4B2C-847E-B2617B12DBC7}"
EndProject
Project("{FAE04EC0-301F-11D3-BF4B-00C04F79EFBC}") = "Application", "src\BuildingBlocks\Application\Application.csproj", "{62C6406E-A198-4B68-BB38-13FCAD99A9F3}"
EndProject
Project("{2150E333-8FDC-42A3-9474-1A3956D46DE8}") = "tests", "tests", "{0AB3BF05-4346-4AA6-1389-037BE0695223}"
EndProject
Project("{FAE04EC0-301F-11D3-BF4B-00C04F79EFBC}") = "UnitTests", "tests\UnitTests\UnitTests.csproj", "{6BD4A89E-A41F-443E-A8B7-66CE94FD9598}"
EndProject
Project("{FAE04EC0-301F-11D3-BF4B-00C04F79EFBC}") = "IntegrationTests", "tests\IntegrationTests\IntegrationTests.csproj", "{41A964FE-709B-47F1-BE35-7DBECCCC75BD}"
EndProject
Global
	GlobalSection(SolutionConfigurationPlatforms) = preSolution
		Debug|Any CPU = Debug|Any CPU
		Debug|x64 = Debug|x64
		Debug|x86 = Debug|x86
		Release|Any CPU = Release|Any CPU
		Release|x64 = Release|x64
		Release|x86 = Release|x86
	EndGlobalSection
	GlobalSection(ProjectConfigurationPlatforms) = postSolution
		{EF58E960-8E16-470F-AD80-68FA6CFCA207}.Debug|Any CPU.ActiveCfg = Debug|Any CPU
		{EF58E960-8E16-470F-AD80-68FA6CFCA207}.Debug|Any CPU.Build.0 = Debug|Any CPU
		{EF58E960-8E16-470F-AD80-68FA6CFCA207}.Debug|x64.ActiveCfg = Debug|Any CPU
		{EF58E960-8E16-470F-AD80-68FA6CFCA207}.Debug|x64.Build.0 = Debug|Any CPU
		{EF58E960-8E16-470F-AD80-68FA6CFCA207}.Debug|x86.ActiveCfg = Debug|Any CPU
		{EF58E960-8E16-470F-AD80-68FA6CFCA207}.Debug|x86.Build.0 = Debug|Any CPU
		{EF58E960-8E16-470F-AD80-68FA6CFCA207}.Release|Any CPU.ActiveCfg = Release|Any CPU
		{EF58E960-8E16-470F-AD80-68FA6CFCA207}.Release|Any CPU.Build.0 = Release|Any CPU
		{EF58E960-8E16-470F-AD80-68FA6CFCA207}.Release|x64.ActiveCfg = Release|Any CPU
		{EF58E960-8E16-470F-AD80-68FA6CFCA207}.Release|x64.Build.0 = Release|Any CPU
		{EF58E960-8E16-470F-AD80-68FA6CFCA207}.Release|x86.ActiveCfg = Release|Any CPU
		{EF58E960-8E16-470F-AD80-68FA6CFCA207}.Release|x86.Build.0 = Release|Any CPU
		{29474310-3636-48DC-B27D-0D7938B6ADE8}.Debug|Any CPU.ActiveCfg = Debug|Any CPU
		{29474310-3636-48DC-B27D-0D7938B6ADE8}.Debug|Any CPU.Build.0 = Debug|Any CPU
		{29474310-3636-48DC-B27D-0D7938B6ADE8}.Debug|x64.ActiveCfg = Debug|Any CPU
		{29474310-3636-48DC-B27D-0D7938B6ADE8}.Debug|x64.Build.0 = Debug|Any CPU
		{29474310-3636-48DC-B27D-0D7938B6ADE8}.Debug|x86.ActiveCfg = Debug|Any CPU
		{29474310-3636-48DC-B27D-0D7938B6ADE8}.Debug|x86.Build.0 = Debug|Any CPU
		{29474310-3636-48DC-B27D-0D7938B6ADE8}.Release|Any CPU.ActiveCfg = Release|Any CPU
		{29474310-3636-48DC-B27D-0D7938B6ADE8}.Release|Any CPU.Build.0 = Release|Any CPU
		{29474310-3636-48DC-B27D-0D7938B6ADE8}.Release|x64.ActiveCfg = Release|Any CPU
		{29474310-3636-48DC-B27D-0D7938B6ADE8}.Release|x64.Build.0 = Release|Any CPU
		{29474310-3636-48DC-B27D-0D7938B6ADE8}.Release|x86.ActiveCfg = Release|Any CPU
		{29474310-3636-48DC-B27D-0D7938B6ADE8}.Release|x86.Build.0 = Release|Any CPU
		{915CF7C1-9DFF-4DB3-8D18-488CFE1857FD}.Debug|Any CPU.ActiveCfg = Debug|Any CPU
		{915CF7C1-9DFF-4DB3-8D18-488CFE1857FD}.Debug|Any CPU.Build.0 = Debug|Any CPU
		{915CF7C1-9DFF-4DB3-8D18-488CFE1857FD}.Debug|x64.ActiveCfg = Debug|Any CPU
		{915CF7C1-9DFF-4DB3-8D18-488CFE1857FD}.Debug|x64.Build.0 = Debug|Any CPU
		{915CF7C1-9DFF-4DB3-8D18-488CFE1857FD}.Debug|x86.ActiveCfg = Debug|Any CPU
		{915CF7C1-9DFF-4DB3-8D18-488CFE1857FD}.Debug|x86.Build.0 = Debug|Any CPU
		{915CF7C1-9DFF-4DB3-8D18-488CFE1857FD}.Release|Any CPU.ActiveCfg = Release|Any CPU
		{915CF7C1-9DFF-4DB3-8D18-488CFE1857FD}.Release|Any CPU.Build.0 = Release|Any CPU
		{915CF7C1-9DFF-4DB3-8D18-488CFE1857FD}.Release|x64.ActiveCfg = Release|Any CPU
		{915CF7C1-9DFF-4DB3-8D18-488CFE1857FD}.Release|x64.Build.0 = Release|Any CPU
		{915CF7C1-9DFF-4DB3-8D18-488CFE1857FD}.Release|x86.ActiveCfg = Release|Any CPU
		{915CF7C1-9DFF-4DB3-8D18-488CFE1857FD}.Release|x86.Build.0 = Release|Any CPU
		{FEBCAD93-9160-487A-9853-D8B0465C8D10}.Debug|Any CPU.ActiveCfg = Debug|Any CPU
		{FEBCAD93-9160-487A-9853-D8B0465C8D10}.Debug|Any CPU.Build.0 = Debug|Any CPU
		{FEBCAD93-9160-487A-9853-D8B0465C8D10}.Debug|x64.ActiveCfg = Debug|Any CPU
		{FEBCAD93-9160-487A-9853-D8B0465C8D10}.Debug|x64.Build.0 = Debug|Any CPU
		{FEBCAD93-9160-487A-9853-D8B0465C8D10}.Debug|x86.ActiveCfg = Debug|Any CPU
		{FEBCAD93-9160-487A-9853-D8B0465C8D10}.Debug|x86.Build.0 = Debug|Any CPU
		{FEBCAD93-9160-487A-9853-D8B0465C8D10}.Release|Any CPU.ActiveCfg = Release|Any CPU
		{FEBCAD93-9160-487A-9853-D8B0465C8D10}.Release|Any CPU.Build.0 = Release|Any CPU
		{FEBCAD93-9160-487A-9853-D8B0465C8D10}.Release|x64.ActiveCfg = Release|Any CPU
		{FEBCAD93-9160-487A-9853-D8B0465C8D10}.Release|x64.Build.0 = Release|Any CPU
		{FEBCAD93-9160-487A-9853-D8B0465C8D10}.Release|x86.ActiveCfg = Release|Any CPU
		{FEBCAD93-9160-487A-9853-D8B0465C8D10}.Release|x86.Build.0 = Release|Any CPU
		{3BE87EA7-4ADF-462C-A746-D0952AF0C23D}.Debug|Any CPU.ActiveCfg = Debug|Any CPU
		{3BE87EA7-4ADF-462C-A746-D0952AF0C23D}.Debug|Any CPU.Build.0 = Debug|Any CPU
		{3BE87EA7-4ADF-462C-A746-D0952AF0C23D}.Debug|x64.ActiveCfg = Debug|Any CPU
		{3BE87EA7-4ADF-462C-A746-D0952AF0C23D}.Debug|x64.Build.0 = Debug|Any CPU
		{3BE87EA7-4ADF-462C-A746-D0952AF0C23D}.Debug|x86.ActiveCfg = Debug|Any CPU
		{3BE87EA7-4ADF-462C-A746-D0952AF0C23D}.Debug|x86.Build.0 = Debug|Any CPU
		{3BE87EA7-4ADF-462C-A746-D0952AF0C23D}.Release|Any CPU.ActiveCfg = Release|Any CPU
		{3BE87EA7-4ADF-462C-A746-D0952AF0C23D}.Release|Any CPU.Build.0 = Release|Any CPU
		{3BE87EA7-4ADF-462C-A746-D0952AF0C23D}.Release|x64.ActiveCfg = Release|Any CPU
		{3BE87EA7-4ADF-462C-A746-D0952AF0C23D}.Release|x64.Build.0 = Release|Any CPU
		{3BE87EA7-4ADF-462C-A746-D0952AF0C23D}.Release|x86.ActiveCfg = Release|Any CPU
		{3BE87EA7-4ADF-462C-A746-D0952AF0C23D}.Release|x86.Build.0 = Release|Any CPU
		{2310F381-0F15-48BE-A42D-FD03D0BBD36D}.Debug|Any CPU.ActiveCfg = Debug|Any CPU
		{2310F381-0F15-48BE-A42D-FD03D0BBD36D}.Debug|Any CPU.Build.0 = Debug|Any CPU
		{2310F381-0F15-48BE-A42D-FD03D0BBD36D}.Debug|x64.ActiveCfg = Debug|Any CPU
		{2310F381-0F15-48BE-A42D-FD03D0BBD36D}.Debug|x64.Build.0 = Debug|Any CPU
		{2310F381-0F15-48BE-A42D-FD03D0BBD36D}.Debug|x86.ActiveCfg = Debug|Any CPU
		{2310F381-0F15-48BE-A42D-FD03D0BBD36D}.Debug|x86.Build.0 = Debug|Any CPU
		{2310F381-0F15-48BE-A42D-FD03D0BBD36D}.Release|Any CPU.ActiveCfg = Release|Any CPU
		{2310F381-0F15-48BE-A42D-FD03D0BBD36D}.Release|Any CPU.Build.0 = Release|Any CPU
		{2310F381-0F15-48BE-A42D-FD03D0BBD36D}.Release|x64.ActiveCfg = Release|Any CPU
		{2310F381-0F15-48BE-A42D-FD03D0BBD36D}.Release|x64.Build.0 = Release|Any CPU
		{2310F381-0F15-48BE-A42D-FD03D0BBD36D}.Release|x86.ActiveCfg = Release|Any CPU
		{2310F381-0F15-48BE-A42D-FD03D0BBD36D}.Release|x86.Build.0 = Release|Any CPU
		{329B9620-8377-4B2C-847E-B2617B12DBC7}.Debug|Any CPU.ActiveCfg = Debug|Any CPU
		{329B9620-8377-4B2C-847E-B2617B12DBC7}.Debug|Any CPU.Build.0 = Debug|Any CPU
		{329B9620-8377-4B2C-847E-B2617B12DBC7}.Debug|x64.ActiveCfg = Debug|Any CPU
		{329B9620-8377-4B2C-847E-B2617B12DBC7}.Debug|x64.Build.0 = Debug|Any CPU
		{329B9620-8377-4B2C-847E-B2617B12DBC7}.Debug|x86.ActiveCfg = Debug|Any CPU
		{329B9620-8377-4B2C-847E-B2617B12DBC7}.Debug|x86.Build.0 = Debug|Any CPU
		{329B9620-8377-4B2C-847E-B2617B12DBC7}.Release|Any CPU.ActiveCfg = Release|Any CPU
		{329B9620-8377-4B2C-847E-B2617B12DBC7}.Release|Any CPU.Build.0 = Release|Any CPU
		{329B9620-8377-4B2C-847E-B2617B12DBC7}.Release|x64.ActiveCfg = Release|Any CPU
		{329B9620-8377-4B2C-847E-B2617B12DBC7}.Release|x64.Build.0 = Release|Any CPU
		{329B9620-8377-4B2C-847E-B2617B12DBC7}.Release|x86.ActiveCfg = Release|Any CPU
		{329B9620-8377-4B2C-847E-B2617B12DBC7}.Release|x86.Build.0 = Release|Any CPU
		{62C6406E-A198-4B68-BB38-13FCAD99A9F3}.Debug|Any CPU.ActiveCfg = Debug|Any CPU
		{62C6406E-A198-4B68-BB38-13FCAD99A9F3}.Debug|Any CPU.Build.0 = Debug|Any CPU
		{62C6406E-A198-4B68-BB38-13FCAD99A9F3}.Debug|x64.ActiveCfg = Debug|Any CPU
		{62C6406E-A198-4B68-BB38-13FCAD99A9F3}.Debug|x64.Build.0 = Debug|Any CPU
		{62C6406E-A198-4B68-BB38-13FCAD99A9F3}.Debug|x86.ActiveCfg = Debug|Any CPU
		{62C6406E-A198-4B68-BB38-13FCAD99A9F3}.Debug|x86.Build.0 = Debug|Any CPU
		{62C6406E-A198-4B68-BB38-13FCAD99A9F3}.Release|Any CPU.ActiveCfg = Release|Any CPU
		{62C6406E-A198-4B68-BB38-13FCAD99A9F3}.Release|Any CPU.Build.0 = Release|Any CPU
		{62C6406E-A198-4B68-BB38-13FCAD99A9F3}.Release|x64.ActiveCfg = Release|Any CPU
		{62C6406E-A198-4B68-BB38-13FCAD99A9F3}.Release|x64.Build.0 = Release|Any CPU
		{62C6406E-A198-4B68-BB38-13FCAD99A9F3}.Release|x86.ActiveCfg = Release|Any CPU
		{62C6406E-A198-4B68-BB38-13FCAD99A9F3}.Release|x86.Build.0 = Release|Any CPU
		{6BD4A89E-A41F-443E-A8B7-66CE94FD9598}.Debug|Any CPU.ActiveCfg = Debug|Any CPU
		{6BD4A89E-A41F-443E-A8B7-66CE94FD9598}.Debug|Any CPU.Build.0 = Debug|Any CPU
		{6BD4A89E-A41F-443E-A8B7-66CE94FD9598}.Debug|x64.ActiveCfg = Debug|Any CPU
		{6BD4A89E-A41F-443E-A8B7-66CE94FD9598}.Debug|x64.Build.0 = Debug|Any CPU
		{6BD4A89E-A41F-443E-A8B7-66CE94FD9598}.Debug|x86.ActiveCfg = Debug|Any CPU
		{6BD4A89E-A41F-443E-A8B7-66CE94FD9598}.Debug|x86.Build.0 = Debug|Any CPU
		{6BD4A89E-A41F-443E-A8B7-66CE94FD9598}.Release|Any CPU.ActiveCfg = Release|Any CPU
		{6BD4A89E-A41F-443E-A8B7-66CE94FD9598}.Release|Any CPU.Build.0 = Release|Any CPU
		{6BD4A89E-A41F-443E-A8B7-66CE94FD9598}.Release|x64.ActiveCfg = Release|Any CPU
		{6BD4A89E-A41F-443E-A8B7-66CE94FD9598}.Release|x64.Build.0 = Release|Any CPU
		{6BD4A89E-A41F-443E-A8B7-66CE94FD9598}.Release|x86.ActiveCfg = Release|Any CPU
		{6BD4A89E-A41F-443E-A8B7-66CE94FD9598}.Release|x86.Build.0 = Release|Any CPU
		{41A964FE-709B-47F1-BE35-7DBECCCC75BD}.Debug|Any CPU.ActiveCfg = Debug|Any CPU
		{41A964FE-709B-47F1-BE35-7DBECCCC75BD}.Debug|Any CPU.Build.0 = Debug|Any CPU
		{41A964FE-709B-47F1-BE35-7DBECCCC75BD}.Debug|x64.ActiveCfg = Debug|Any CPU
		{41A964FE-709B-47F1-BE35-7DBECCCC75BD}.Debug|x64.Build.0 = Debug|Any CPU
		{41A964FE-709B-47F1-BE35-7DBECCCC75BD}.Debug|x86.ActiveCfg = Debug|Any CPU
		{41A964FE-709B-47F1-BE35-7DBECCCC75BD}.Debug|x86.Build.0 = Debug|Any CPU
		{41A964FE-709B-47F1-BE35-7DBECCCC75BD}.Release|Any CPU.ActiveCfg = Release|Any CPU
		{41A964FE-709B-47F1-BE35-7DBECCCC75BD}.Release|Any CPU.Build.0 = Release|Any CPU
		{41A964FE-709B-47F1-BE35-7DBECCCC75BD}.Release|x64.ActiveCfg = Release|Any CPU
		{41A964FE-709B-47F1-BE35-7DBECCCC75BD}.Release|x64.Build.0 = Release|Any CPU
		{41A964FE-709B-47F1-BE35-7DBECCCC75BD}.Release|x86.ActiveCfg = Release|Any CPU
		{41A964FE-709B-47F1-BE35-7DBECCCC75BD}.Release|x86.Build.0 = Release|Any CPU
	EndGlobalSection
	GlobalSection(SolutionProperties) = preSolution
		HideSolutionNode = FALSE
	EndGlobalSection
	GlobalSection(NestedProjects) = preSolution
		{EF58E960-8E16-470F-AD80-68FA6CFCA207} = {827E0CD3-B72D-47B6-A68D-7590B98EB39B}
		{90298CBA-BD6F-3A0A-69D5-97CAD7B05E7E} = {827E0CD3-B72D-47B6-A68D-7590B98EB39B}
		{29474310-3636-48DC-B27D-0D7938B6ADE8} = {90298CBA-BD6F-3A0A-69D5-97CAD7B05E7E}
		{915CF7C1-9DFF-4DB3-8D18-488CFE1857FD} = {90298CBA-BD6F-3A0A-69D5-97CAD7B05E7E}
		{EC447DCF-ABFA-6E24-52A5-D7FD48A5C558} = {827E0CD3-B72D-47B6-A68D-7590B98EB39B}
		{0EC62A1A-9858-3A60-8A0C-FC9AACFA2EC7} = {EC447DCF-ABFA-6E24-52A5-D7FD48A5C558}
		{FEBCAD93-9160-487A-9853-D8B0465C8D10} = {0EC62A1A-9858-3A60-8A0C-FC9AACFA2EC7}
		{3BE87EA7-4ADF-462C-A746-D0952AF0C23D} = {0EC62A1A-9858-3A60-8A0C-FC9AACFA2EC7}
		{2310F381-0F15-48BE-A42D-FD03D0BBD36D} = {0EC62A1A-9858-3A60-8A0C-FC9AACFA2EC7}
		{329B9620-8377-4B2C-847E-B2617B12DBC7} = {0EC62A1A-9858-3A60-8A0C-FC9AACFA2EC7}
		{62C6406E-A198-4B68-BB38-13FCAD99A9F3} = {90298CBA-BD6F-3A0A-69D5-97CAD7B05E7E}
		{6BD4A89E-A41F-443E-A8B7-66CE94FD9598} = {0AB3BF05-4346-4AA6-1389-037BE0695223}
		{41A964FE-709B-47F1-BE35-7DBECCCC75BD} = {0AB3BF05-4346-4AA6-1389-037BE0695223}
	EndGlobalSection
EndGlobal
